// !$*UTF8*$!
{
	archiveVersion = 1;
	classes = {
	};
	objectVersion = 55;
	objects = {

/* Begin PBXBuildFile section */
		0C75AACBD1B44335CE618CAB /* Pods_GBShop.framework in Frameworks */ = {isa = PBXBuildFile; fileRef = D3CD1ABFD19820B112470ECE /* Pods_GBShop.framework */; };
		1F4C6181F3CB090DE0013352 /* Pods_GBShopTests.framework in Frameworks */ = {isa = PBXBuildFile; fileRef = 8F53346A5B13D4B41BF41B75 /* Pods_GBShopTests.framework */; };
		72442811592C6B05FE63905A /* Pods_GBShop_GBShopUITests.framework in Frameworks */ = {isa = PBXBuildFile; fileRef = 7BC949B2DEBFEDD30974D557 /* Pods_GBShop_GBShopUITests.framework */; };
		842444C828FBBFB200F70154 /* RegistrationViewController.swift in Sources */ = {isa = PBXBuildFile; fileRef = 842444C728FBBFB200F70154 /* RegistrationViewController.swift */; };
		842444CB28FBC2E300F70154 /* BaseTextField.swift in Sources */ = {isa = PBXBuildFile; fileRef = 842444CA28FBC2E300F70154 /* BaseTextField.swift */; };
		842444CD28FBDDE700F70154 /* BaseScrollViewController.swift in Sources */ = {isa = PBXBuildFile; fileRef = 842444CC28FBDDE700F70154 /* BaseScrollViewController.swift */; };
		84567C3A28FAA81500B7E9B3 /* UIView + ext.swift in Sources */ = {isa = PBXBuildFile; fileRef = 84567C3928FAA81500B7E9B3 /* UIView + ext.swift */; };
		84567C3C28FAA94C00B7E9B3 /* BaseViewController.swift in Sources */ = {isa = PBXBuildFile; fileRef = 84567C3B28FAA94C00B7E9B3 /* BaseViewController.swift */; };
		84567C3E28FAAD1900B7E9B3 /* BaseView.swift in Sources */ = {isa = PBXBuildFile; fileRef = 84567C3D28FAAD1900B7E9B3 /* BaseView.swift */; };
		84567C4628FAECAA00B7E9B3 /* LoginViewController.swift in Sources */ = {isa = PBXBuildFile; fileRef = 84567C4528FAECAA00B7E9B3 /* LoginViewController.swift */; };
		84567C4728FAECAA00B7E9B3 /* LoginViewController.swift in Sources */ = {isa = PBXBuildFile; fileRef = 84567C4528FAECAA00B7E9B3 /* LoginViewController.swift */; };
		84567C4828FAECAA00B7E9B3 /* LoginViewController.swift in Sources */ = {isa = PBXBuildFile; fileRef = 84567C4528FAECAA00B7E9B3 /* LoginViewController.swift */; };
		84567C4A28FAFBDC00B7E9B3 /* CancelButton.swift in Sources */ = {isa = PBXBuildFile; fileRef = 84567C4928FAFBDC00B7E9B3 /* CancelButton.swift */; };
		84567C4B28FAFBDC00B7E9B3 /* CancelButton.swift in Sources */ = {isa = PBXBuildFile; fileRef = 84567C4928FAFBDC00B7E9B3 /* CancelButton.swift */; };
		84567C4C28FAFBDC00B7E9B3 /* CancelButton.swift in Sources */ = {isa = PBXBuildFile; fileRef = 84567C4928FAFBDC00B7E9B3 /* CancelButton.swift */; };
		84567C5028FAFCE000B7E9B3 /* ClearButton.swift in Sources */ = {isa = PBXBuildFile; fileRef = 84567C4F28FAFCE000B7E9B3 /* ClearButton.swift */; };
		84567C5128FAFCE000B7E9B3 /* ClearButton.swift in Sources */ = {isa = PBXBuildFile; fileRef = 84567C4F28FAFCE000B7E9B3 /* ClearButton.swift */; };
		84567C5228FAFCE000B7E9B3 /* ClearButton.swift in Sources */ = {isa = PBXBuildFile; fileRef = 84567C4F28FAFCE000B7E9B3 /* ClearButton.swift */; };
		84567C5428FAFD7300B7E9B3 /* BaseButton.swift in Sources */ = {isa = PBXBuildFile; fileRef = 84567C5328FAFD7300B7E9B3 /* BaseButton.swift */; };
		84567C5528FAFD7300B7E9B3 /* BaseButton.swift in Sources */ = {isa = PBXBuildFile; fileRef = 84567C5328FAFD7300B7E9B3 /* BaseButton.swift */; };
		84567C5628FAFD7300B7E9B3 /* BaseButton.swift in Sources */ = {isa = PBXBuildFile; fileRef = 84567C5328FAFD7300B7E9B3 /* BaseButton.swift */; };
		8465BEEE28B386A1005431B6 /* AddToBasket.swift in Sources */ = {isa = PBXBuildFile; fileRef = 8465BEED28B386A1005431B6 /* AddToBasket.swift */; };
		8465BEF028B386D4005431B6 /* AddToBasketRequestFactory.swift in Sources */ = {isa = PBXBuildFile; fileRef = 8465BEEF28B386D4005431B6 /* AddToBasketRequestFactory.swift */; };
		8465BEF228B386E7005431B6 /* DeleteFromBasket.swift in Sources */ = {isa = PBXBuildFile; fileRef = 8465BEF128B386E7005431B6 /* DeleteFromBasket.swift */; };
		8465BEF428B386F7005431B6 /* DeleteFromBasketRequestFactory.swift in Sources */ = {isa = PBXBuildFile; fileRef = 8465BEF328B386F7005431B6 /* DeleteFromBasketRequestFactory.swift */; };
		8465BEF628B38707005431B6 /* PayBasket.swift in Sources */ = {isa = PBXBuildFile; fileRef = 8465BEF528B38707005431B6 /* PayBasket.swift */; };
		8465BEF828B3871F005431B6 /* PayBasketRequestFactory.swift in Sources */ = {isa = PBXBuildFile; fileRef = 8465BEF728B3871F005431B6 /* PayBasketRequestFactory.swift */; };
		8465BEFC28B388DB005431B6 /* AddToBasketResult.swift in Sources */ = {isa = PBXBuildFile; fileRef = 8465BEFB28B388DB005431B6 /* AddToBasketResult.swift */; };
		8465BEFE28B388F0005431B6 /* DeleteFromBasketResult.swift in Sources */ = {isa = PBXBuildFile; fileRef = 8465BEFD28B388F0005431B6 /* DeleteFromBasketResult.swift */; };
		8465BF0028B3890E005431B6 /* PayBasketResult.swift in Sources */ = {isa = PBXBuildFile; fileRef = 8465BEFF28B3890E005431B6 /* PayBasketResult.swift */; };
		8499CE2D289FE5B3008A8CA2 /* AppDelegate.swift in Sources */ = {isa = PBXBuildFile; fileRef = 8499CE2C289FE5B3008A8CA2 /* AppDelegate.swift */; };
		8499CE36289FE5B4008A8CA2 /* Assets.xcassets in Resources */ = {isa = PBXBuildFile; fileRef = 8499CE35289FE5B4008A8CA2 /* Assets.xcassets */; };
		8499CE39289FE5B4008A8CA2 /* LaunchScreen.storyboard in Resources */ = {isa = PBXBuildFile; fileRef = 8499CE37289FE5B4008A8CA2 /* LaunchScreen.storyboard */; };
		8499CE4E289FE5B4008A8CA2 /* GBShopUITests.swift in Sources */ = {isa = PBXBuildFile; fileRef = 8499CE4D289FE5B4008A8CA2 /* GBShopUITests.swift */; };
		8499CE50289FE5B4008A8CA2 /* GBShopUITestsLaunchTests.swift in Sources */ = {isa = PBXBuildFile; fileRef = 8499CE4F289FE5B4008A8CA2 /* GBShopUITestsLaunchTests.swift */; };
		8499CE6728A141D5008A8CA2 /* AbstractErrorParser.swift in Sources */ = {isa = PBXBuildFile; fileRef = 8499CE6628A141D5008A8CA2 /* AbstractErrorParser.swift */; };
		8499CE6928A145DD008A8CA2 /* ErrorParser.swift in Sources */ = {isa = PBXBuildFile; fileRef = 8499CE6828A145DD008A8CA2 /* ErrorParser.swift */; };
		8499CE6B28A147A5008A8CA2 /* DataRequest.swift in Sources */ = {isa = PBXBuildFile; fileRef = 8499CE6A28A147A5008A8CA2 /* DataRequest.swift */; };
		8499CE6D28A14BF7008A8CA2 /* RequestRouter.swift in Sources */ = {isa = PBXBuildFile; fileRef = 8499CE6C28A14BF7008A8CA2 /* RequestRouter.swift */; };
		8499CE6F28A14CCB008A8CA2 /* LoginResult.swift in Sources */ = {isa = PBXBuildFile; fileRef = 8499CE6E28A14CCB008A8CA2 /* LoginResult.swift */; };
		8499CE7128A14CD9008A8CA2 /* User.swift in Sources */ = {isa = PBXBuildFile; fileRef = 8499CE7028A14CD9008A8CA2 /* User.swift */; };
		8499CE7428A612BE008A8CA2 /* AuthRequestFactory.swift in Sources */ = {isa = PBXBuildFile; fileRef = 8499CE7328A612BE008A8CA2 /* AuthRequestFactory.swift */; };
		8499CE7828A61316008A8CA2 /* Auth.swift in Sources */ = {isa = PBXBuildFile; fileRef = 8499CE7728A61316008A8CA2 /* Auth.swift */; };
		8499CE7A28A613FF008A8CA2 /* RequestFactory.swift in Sources */ = {isa = PBXBuildFile; fileRef = 8499CE7928A613FF008A8CA2 /* RequestFactory.swift */; };
		8499CE7C28A75C8E008A8CA2 /* LogoutResult.swift in Sources */ = {isa = PBXBuildFile; fileRef = 8499CE7B28A75C8E008A8CA2 /* LogoutResult.swift */; };
		8499CE7F28A75D12008A8CA2 /* LogoutRequestFactory.swift in Sources */ = {isa = PBXBuildFile; fileRef = 8499CE7E28A75D12008A8CA2 /* LogoutRequestFactory.swift */; };
		8499CE8128A75D1F008A8CA2 /* Logout.swift in Sources */ = {isa = PBXBuildFile; fileRef = 8499CE8028A75D1F008A8CA2 /* Logout.swift */; };
		8499CE8528A76416008A8CA2 /* Registration.swift in Sources */ = {isa = PBXBuildFile; fileRef = 8499CE8428A76416008A8CA2 /* Registration.swift */; };
		8499CE8728A76438008A8CA2 /* RegistrationRequestFactory.swift in Sources */ = {isa = PBXBuildFile; fileRef = 8499CE8628A76438008A8CA2 /* RegistrationRequestFactory.swift */; };
		8499CE8A28A76481008A8CA2 /* RegistrationResult.swift in Sources */ = {isa = PBXBuildFile; fileRef = 8499CE8928A76481008A8CA2 /* RegistrationResult.swift */; };
		8499CE8D28A771BA008A8CA2 /* ChangeUserData.swift in Sources */ = {isa = PBXBuildFile; fileRef = 8499CE8C28A771BA008A8CA2 /* ChangeUserData.swift */; };
		8499CE8F28A771D4008A8CA2 /* ChangeUserDataRequestFactory.swift in Sources */ = {isa = PBXBuildFile; fileRef = 8499CE8E28A771D4008A8CA2 /* ChangeUserDataRequestFactory.swift */; };
		8499CE9128A771F4008A8CA2 /* ChangeUserDataResult.swift in Sources */ = {isa = PBXBuildFile; fileRef = 8499CE9028A771F4008A8CA2 /* ChangeUserDataResult.swift */; };
		8499CE9328A78E46008A8CA2 /* ResponseCodableTests.swift in Sources */ = {isa = PBXBuildFile; fileRef = 8499CE9228A78E46008A8CA2 /* ResponseCodableTests.swift */; };
		8499CE9528A78F31008A8CA2 /* PostStub.swift in Sources */ = {isa = PBXBuildFile; fileRef = 8499CE9428A78F31008A8CA2 /* PostStub.swift */; };
		8499CE9828A78F70008A8CA2 /* ApiErrorStub.swift in Sources */ = {isa = PBXBuildFile; fileRef = 8499CE9728A78F70008A8CA2 /* ApiErrorStub.swift */; };
		8499CE9A28A78F87008A8CA2 /* ErrorParserStub.swift in Sources */ = {isa = PBXBuildFile; fileRef = 8499CE9928A78F87008A8CA2 /* ErrorParserStub.swift */; };
		8499CE9E28A8FB4B008A8CA2 /* GetGood.swift in Sources */ = {isa = PBXBuildFile; fileRef = 8499CE9D28A8FB4B008A8CA2 /* GetGood.swift */; };
		8499CEA028A8FB70008A8CA2 /* GetGoodRequestFactory.swift in Sources */ = {isa = PBXBuildFile; fileRef = 8499CE9F28A8FB70008A8CA2 /* GetGoodRequestFactory.swift */; };
		8499CEA228A8FB7F008A8CA2 /* GetCatalog.swift in Sources */ = {isa = PBXBuildFile; fileRef = 8499CEA128A8FB7F008A8CA2 /* GetCatalog.swift */; };
		8499CEA428A8FB9D008A8CA2 /* GetCatalogRequestFactory.swift in Sources */ = {isa = PBXBuildFile; fileRef = 8499CEA328A8FB9D008A8CA2 /* GetCatalogRequestFactory.swift */; };
		8499CEA628A8FCA4008A8CA2 /* GetGoodResult.swift in Sources */ = {isa = PBXBuildFile; fileRef = 8499CEA528A8FCA4008A8CA2 /* GetGoodResult.swift */; };
		8499CEA828A91CF8008A8CA2 /* GetCatalogResult.swift in Sources */ = {isa = PBXBuildFile; fileRef = 8499CEA728A91CF8008A8CA2 /* GetCatalogResult.swift */; };
		8499CEAA28A91D5D008A8CA2 /* Product.swift in Sources */ = {isa = PBXBuildFile; fileRef = 8499CEA928A91D5D008A8CA2 /* Product.swift */; };
		8499CEAF28AA7650008A8CA2 /* RequestFactoryTests.swift in Sources */ = {isa = PBXBuildFile; fileRef = 8499CEAE28AA7650008A8CA2 /* RequestFactoryTests.swift */; };
		8499CEB128AA77B6008A8CA2 /* RequestFactoryStub.swift in Sources */ = {isa = PBXBuildFile; fileRef = 8499CEB028AA77B6008A8CA2 /* RequestFactoryStub.swift */; };
		849C1E6728FC869700BA8C9F /* SettingsViewController.swift in Sources */ = {isa = PBXBuildFile; fileRef = 849C1E6628FC869700BA8C9F /* SettingsViewController.swift */; };
		84AC89EB28FC448600EC791E /* UIButton + ext.swift in Sources */ = {isa = PBXBuildFile; fileRef = 84AC89EA28FC448600EC791E /* UIButton + ext.swift */; };
		84AC89EF28FC612200EC791E /* TabBarController.swift in Sources */ = {isa = PBXBuildFile; fileRef = 84AC89EE28FC612200EC791E /* TabBarController.swift */; };
		84ADFD902901075F00FBF068 /* SettingsCell.swift in Sources */ = {isa = PBXBuildFile; fileRef = 84ADFD8F2901075F00FBF068 /* SettingsCell.swift */; };
		84DAA7E728F96AAA00D638B8 /* SceneDelegate.swift in Sources */ = {isa = PBXBuildFile; fileRef = 84DAA7E628F96AAA00D638B8 /* SceneDelegate.swift */; };
		84DAA7E928F9727300D638B8 /* StartViewController.swift in Sources */ = {isa = PBXBuildFile; fileRef = 84DAA7E828F9727300D638B8 /* StartViewController.swift */; };
		84DAA7ED28F98AEA00D638B8 /* ApplyButton.swift in Sources */ = {isa = PBXBuildFile; fileRef = 84DAA7EC28F98AEA00D638B8 /* ApplyButton.swift */; };
		84DAA7EF28F98C3500D638B8 /* Resources.swift in Sources */ = {isa = PBXBuildFile; fileRef = 84DAA7EE28F98C3500D638B8 /* Resources.swift */; };
		84DAA7F228F98DA300D638B8 /* UIColor + ext.swift in Sources */ = {isa = PBXBuildFile; fileRef = 84DAA7F128F98DA300D638B8 /* UIColor + ext.swift */; };
		84EA67862902DE4800632F2D /* SmallTextField.swift in Sources */ = {isa = PBXBuildFile; fileRef = 84EA67852902DE4800632F2D /* SmallTextField.swift */; };
		84EA67882902E37200632F2D /* CatalogTableViewController.swift in Sources */ = {isa = PBXBuildFile; fileRef = 84EA67872902E37200632F2D /* CatalogTableViewController.swift */; };
		84EA678A2902E3CB00632F2D /* CatalogCell.swift in Sources */ = {isa = PBXBuildFile; fileRef = 84EA67892902E3CB00632F2D /* CatalogCell.swift */; };
		84EA678D2903134B00632F2D /* TestCatalog.swift in Sources */ = {isa = PBXBuildFile; fileRef = 84EA678C2903134B00632F2D /* TestCatalog.swift */; };
		84F85E9A28AF4F620039E8BC /* DeleteReview.swift in Sources */ = {isa = PBXBuildFile; fileRef = 84F85E9928AF4F620039E8BC /* DeleteReview.swift */; };
		84F85E9C28AF4F7F0039E8BC /* DeleteReviewRequestFactory.swift in Sources */ = {isa = PBXBuildFile; fileRef = 84F85E9B28AF4F7F0039E8BC /* DeleteReviewRequestFactory.swift */; };
		84F85E9E28AF4F910039E8BC /* GetReviewList.swift in Sources */ = {isa = PBXBuildFile; fileRef = 84F85E9D28AF4F910039E8BC /* GetReviewList.swift */; };
		84F85EA028AF4FA80039E8BC /* GetReviewListRequestFactory.swift in Sources */ = {isa = PBXBuildFile; fileRef = 84F85E9F28AF4FA80039E8BC /* GetReviewListRequestFactory.swift */; };
		84F85EA228AF4FBC0039E8BC /* AddReview.swift in Sources */ = {isa = PBXBuildFile; fileRef = 84F85EA128AF4FBC0039E8BC /* AddReview.swift */; };
		84F85EA428AF4FD40039E8BC /* AddReviewRequestFactory.swift in Sources */ = {isa = PBXBuildFile; fileRef = 84F85EA328AF4FD40039E8BC /* AddReviewRequestFactory.swift */; };
		84F85EA628AF51080039E8BC /* AddReviewResult.swift in Sources */ = {isa = PBXBuildFile; fileRef = 84F85EA528AF51080039E8BC /* AddReviewResult.swift */; };
		84F85EA828AF51190039E8BC /* GetReviewListResult.swift in Sources */ = {isa = PBXBuildFile; fileRef = 84F85EA728AF51190039E8BC /* GetReviewListResult.swift */; };
		84F85EAA28AF51330039E8BC /* DeleteReviewResult.swift in Sources */ = {isa = PBXBuildFile; fileRef = 84F85EA928AF51330039E8BC /* DeleteReviewResult.swift */; };
		84F85EAC28AF730C0039E8BC /* Review.swift in Sources */ = {isa = PBXBuildFile; fileRef = 84F85EAB28AF730C0039E8BC /* Review.swift */; };
		84F85EB228AF783F0039E8BC /* Constants.swift in Sources */ = {isa = PBXBuildFile; fileRef = 84F85EB128AF783F0039E8BC /* Constants.swift */; };
/* End PBXBuildFile section */

/* Begin PBXContainerItemProxy section */
		8499CE40289FE5B4008A8CA2 /* PBXContainerItemProxy */ = {
			isa = PBXContainerItemProxy;
			containerPortal = 8499CE21289FE5B3008A8CA2 /* Project object */;
			proxyType = 1;
			remoteGlobalIDString = 8499CE28289FE5B3008A8CA2;
			remoteInfo = GBShop;
		};
		8499CE4A289FE5B4008A8CA2 /* PBXContainerItemProxy */ = {
			isa = PBXContainerItemProxy;
			containerPortal = 8499CE21289FE5B3008A8CA2 /* Project object */;
			proxyType = 1;
			remoteGlobalIDString = 8499CE28289FE5B3008A8CA2;
			remoteInfo = GBShop;
		};
/* End PBXContainerItemProxy section */

/* Begin PBXFileReference section */
		0627DE0C9139A42FE233F359 /* Pods-GBShopTests.debug.xcconfig */ = {isa = PBXFileReference; includeInIndex = 1; lastKnownFileType = text.xcconfig; name = "Pods-GBShopTests.debug.xcconfig"; path = "Target Support Files/Pods-GBShopTests/Pods-GBShopTests.debug.xcconfig"; sourceTree = "<group>"; };
		10B42F41868104BFEF096EDB /* Pods-GBShop.debug.xcconfig */ = {isa = PBXFileReference; includeInIndex = 1; lastKnownFileType = text.xcconfig; name = "Pods-GBShop.debug.xcconfig"; path = "Target Support Files/Pods-GBShop/Pods-GBShop.debug.xcconfig"; sourceTree = "<group>"; };
		383097F7365BC69C2CC24798 /* Pods-GBShopTests.release.xcconfig */ = {isa = PBXFileReference; includeInIndex = 1; lastKnownFileType = text.xcconfig; name = "Pods-GBShopTests.release.xcconfig"; path = "Target Support Files/Pods-GBShopTests/Pods-GBShopTests.release.xcconfig"; sourceTree = "<group>"; };
		43788DFF647A00F8F752894D /* Pods-GBShop-GBShopUITests.release.xcconfig */ = {isa = PBXFileReference; includeInIndex = 1; lastKnownFileType = text.xcconfig; name = "Pods-GBShop-GBShopUITests.release.xcconfig"; path = "Target Support Files/Pods-GBShop-GBShopUITests/Pods-GBShop-GBShopUITests.release.xcconfig"; sourceTree = "<group>"; };
		52F39B88CCFF43B9FF90693F /* Pods-GBShop.release.xcconfig */ = {isa = PBXFileReference; includeInIndex = 1; lastKnownFileType = text.xcconfig; name = "Pods-GBShop.release.xcconfig"; path = "Target Support Files/Pods-GBShop/Pods-GBShop.release.xcconfig"; sourceTree = "<group>"; };
		7BC949B2DEBFEDD30974D557 /* Pods_GBShop_GBShopUITests.framework */ = {isa = PBXFileReference; explicitFileType = wrapper.framework; includeInIndex = 0; path = Pods_GBShop_GBShopUITests.framework; sourceTree = BUILT_PRODUCTS_DIR; };
		842444C728FBBFB200F70154 /* RegistrationViewController.swift */ = {isa = PBXFileReference; lastKnownFileType = sourcecode.swift; path = RegistrationViewController.swift; sourceTree = "<group>"; };
		842444CA28FBC2E300F70154 /* BaseTextField.swift */ = {isa = PBXFileReference; lastKnownFileType = sourcecode.swift; path = BaseTextField.swift; sourceTree = "<group>"; };
		842444CC28FBDDE700F70154 /* BaseScrollViewController.swift */ = {isa = PBXFileReference; lastKnownFileType = sourcecode.swift; path = BaseScrollViewController.swift; sourceTree = "<group>"; };
		84567C3928FAA81500B7E9B3 /* UIView + ext.swift */ = {isa = PBXFileReference; lastKnownFileType = sourcecode.swift; path = "UIView + ext.swift"; sourceTree = "<group>"; };
		84567C3B28FAA94C00B7E9B3 /* BaseViewController.swift */ = {isa = PBXFileReference; lastKnownFileType = sourcecode.swift; path = BaseViewController.swift; sourceTree = "<group>"; };
		84567C3D28FAAD1900B7E9B3 /* BaseView.swift */ = {isa = PBXFileReference; lastKnownFileType = sourcecode.swift; path = BaseView.swift; sourceTree = "<group>"; };
		84567C4528FAECAA00B7E9B3 /* LoginViewController.swift */ = {isa = PBXFileReference; lastKnownFileType = sourcecode.swift; path = LoginViewController.swift; sourceTree = "<group>"; };
		84567C4928FAFBDC00B7E9B3 /* CancelButton.swift */ = {isa = PBXFileReference; lastKnownFileType = sourcecode.swift; path = CancelButton.swift; sourceTree = "<group>"; };
		84567C4F28FAFCE000B7E9B3 /* ClearButton.swift */ = {isa = PBXFileReference; lastKnownFileType = sourcecode.swift; path = ClearButton.swift; sourceTree = "<group>"; };
		84567C5328FAFD7300B7E9B3 /* BaseButton.swift */ = {isa = PBXFileReference; lastKnownFileType = sourcecode.swift; path = BaseButton.swift; sourceTree = "<group>"; };
		8465BEED28B386A1005431B6 /* AddToBasket.swift */ = {isa = PBXFileReference; lastKnownFileType = sourcecode.swift; path = AddToBasket.swift; sourceTree = "<group>"; };
		8465BEEF28B386D4005431B6 /* AddToBasketRequestFactory.swift */ = {isa = PBXFileReference; lastKnownFileType = sourcecode.swift; path = AddToBasketRequestFactory.swift; sourceTree = "<group>"; };
		8465BEF128B386E7005431B6 /* DeleteFromBasket.swift */ = {isa = PBXFileReference; lastKnownFileType = sourcecode.swift; path = DeleteFromBasket.swift; sourceTree = "<group>"; };
		8465BEF328B386F7005431B6 /* DeleteFromBasketRequestFactory.swift */ = {isa = PBXFileReference; lastKnownFileType = sourcecode.swift; path = DeleteFromBasketRequestFactory.swift; sourceTree = "<group>"; };
		8465BEF528B38707005431B6 /* PayBasket.swift */ = {isa = PBXFileReference; lastKnownFileType = sourcecode.swift; path = PayBasket.swift; sourceTree = "<group>"; };
		8465BEF728B3871F005431B6 /* PayBasketRequestFactory.swift */ = {isa = PBXFileReference; lastKnownFileType = sourcecode.swift; path = PayBasketRequestFactory.swift; sourceTree = "<group>"; };
		8465BEFB28B388DB005431B6 /* AddToBasketResult.swift */ = {isa = PBXFileReference; lastKnownFileType = sourcecode.swift; path = AddToBasketResult.swift; sourceTree = "<group>"; };
		8465BEFD28B388F0005431B6 /* DeleteFromBasketResult.swift */ = {isa = PBXFileReference; lastKnownFileType = sourcecode.swift; path = DeleteFromBasketResult.swift; sourceTree = "<group>"; };
		8465BEFF28B3890E005431B6 /* PayBasketResult.swift */ = {isa = PBXFileReference; lastKnownFileType = sourcecode.swift; path = PayBasketResult.swift; sourceTree = "<group>"; };
		8499CE29289FE5B3008A8CA2 /* GBShop.app */ = {isa = PBXFileReference; explicitFileType = wrapper.application; includeInIndex = 0; path = GBShop.app; sourceTree = BUILT_PRODUCTS_DIR; };
		8499CE2C289FE5B3008A8CA2 /* AppDelegate.swift */ = {isa = PBXFileReference; lastKnownFileType = sourcecode.swift; path = AppDelegate.swift; sourceTree = "<group>"; };
		8499CE35289FE5B4008A8CA2 /* Assets.xcassets */ = {isa = PBXFileReference; lastKnownFileType = folder.assetcatalog; path = Assets.xcassets; sourceTree = "<group>"; };
		8499CE38289FE5B4008A8CA2 /* Base */ = {isa = PBXFileReference; lastKnownFileType = file.storyboard; name = Base; path = Base.lproj/LaunchScreen.storyboard; sourceTree = "<group>"; };
		8499CE3A289FE5B4008A8CA2 /* Info.plist */ = {isa = PBXFileReference; lastKnownFileType = text.plist.xml; path = Info.plist; sourceTree = "<group>"; };
		8499CE3F289FE5B4008A8CA2 /* GBShopTests.xctest */ = {isa = PBXFileReference; explicitFileType = wrapper.cfbundle; includeInIndex = 0; path = GBShopTests.xctest; sourceTree = BUILT_PRODUCTS_DIR; };
		8499CE49289FE5B4008A8CA2 /* GBShopUITests.xctest */ = {isa = PBXFileReference; explicitFileType = wrapper.cfbundle; includeInIndex = 0; path = GBShopUITests.xctest; sourceTree = BUILT_PRODUCTS_DIR; };
		8499CE4D289FE5B4008A8CA2 /* GBShopUITests.swift */ = {isa = PBXFileReference; lastKnownFileType = sourcecode.swift; path = GBShopUITests.swift; sourceTree = "<group>"; };
		8499CE4F289FE5B4008A8CA2 /* GBShopUITestsLaunchTests.swift */ = {isa = PBXFileReference; lastKnownFileType = sourcecode.swift; path = GBShopUITestsLaunchTests.swift; sourceTree = "<group>"; };
		8499CE6628A141D5008A8CA2 /* AbstractErrorParser.swift */ = {isa = PBXFileReference; lastKnownFileType = sourcecode.swift; path = AbstractErrorParser.swift; sourceTree = "<group>"; };
		8499CE6828A145DD008A8CA2 /* ErrorParser.swift */ = {isa = PBXFileReference; lastKnownFileType = sourcecode.swift; path = ErrorParser.swift; sourceTree = "<group>"; };
		8499CE6A28A147A5008A8CA2 /* DataRequest.swift */ = {isa = PBXFileReference; lastKnownFileType = sourcecode.swift; path = DataRequest.swift; sourceTree = "<group>"; };
		8499CE6C28A14BF7008A8CA2 /* RequestRouter.swift */ = {isa = PBXFileReference; lastKnownFileType = sourcecode.swift; path = RequestRouter.swift; sourceTree = "<group>"; };
		8499CE6E28A14CCB008A8CA2 /* LoginResult.swift */ = {isa = PBXFileReference; lastKnownFileType = sourcecode.swift; path = LoginResult.swift; sourceTree = "<group>"; };
		8499CE7028A14CD9008A8CA2 /* User.swift */ = {isa = PBXFileReference; lastKnownFileType = sourcecode.swift; path = User.swift; sourceTree = "<group>"; };
		8499CE7328A612BE008A8CA2 /* AuthRequestFactory.swift */ = {isa = PBXFileReference; lastKnownFileType = sourcecode.swift; path = AuthRequestFactory.swift; sourceTree = "<group>"; };
		8499CE7728A61316008A8CA2 /* Auth.swift */ = {isa = PBXFileReference; lastKnownFileType = sourcecode.swift; path = Auth.swift; sourceTree = "<group>"; };
		8499CE7928A613FF008A8CA2 /* RequestFactory.swift */ = {isa = PBXFileReference; lastKnownFileType = sourcecode.swift; path = RequestFactory.swift; sourceTree = "<group>"; };
		8499CE7B28A75C8E008A8CA2 /* LogoutResult.swift */ = {isa = PBXFileReference; lastKnownFileType = sourcecode.swift; path = LogoutResult.swift; sourceTree = "<group>"; };
		8499CE7E28A75D12008A8CA2 /* LogoutRequestFactory.swift */ = {isa = PBXFileReference; lastKnownFileType = sourcecode.swift; path = LogoutRequestFactory.swift; sourceTree = "<group>"; };
		8499CE8028A75D1F008A8CA2 /* Logout.swift */ = {isa = PBXFileReference; lastKnownFileType = sourcecode.swift; path = Logout.swift; sourceTree = "<group>"; };
		8499CE8428A76416008A8CA2 /* Registration.swift */ = {isa = PBXFileReference; lastKnownFileType = sourcecode.swift; path = Registration.swift; sourceTree = "<group>"; };
		8499CE8628A76438008A8CA2 /* RegistrationRequestFactory.swift */ = {isa = PBXFileReference; lastKnownFileType = sourcecode.swift; path = RegistrationRequestFactory.swift; sourceTree = "<group>"; };
		8499CE8928A76481008A8CA2 /* RegistrationResult.swift */ = {isa = PBXFileReference; lastKnownFileType = sourcecode.swift; path = RegistrationResult.swift; sourceTree = "<group>"; };
		8499CE8C28A771BA008A8CA2 /* ChangeUserData.swift */ = {isa = PBXFileReference; lastKnownFileType = sourcecode.swift; path = ChangeUserData.swift; sourceTree = "<group>"; };
		8499CE8E28A771D4008A8CA2 /* ChangeUserDataRequestFactory.swift */ = {isa = PBXFileReference; lastKnownFileType = sourcecode.swift; path = ChangeUserDataRequestFactory.swift; sourceTree = "<group>"; };
		8499CE9028A771F4008A8CA2 /* ChangeUserDataResult.swift */ = {isa = PBXFileReference; lastKnownFileType = sourcecode.swift; path = ChangeUserDataResult.swift; sourceTree = "<group>"; };
		8499CE9228A78E46008A8CA2 /* ResponseCodableTests.swift */ = {isa = PBXFileReference; lastKnownFileType = sourcecode.swift; path = ResponseCodableTests.swift; sourceTree = "<group>"; };
		8499CE9428A78F31008A8CA2 /* PostStub.swift */ = {isa = PBXFileReference; lastKnownFileType = sourcecode.swift; path = PostStub.swift; sourceTree = "<group>"; };
		8499CE9728A78F70008A8CA2 /* ApiErrorStub.swift */ = {isa = PBXFileReference; lastKnownFileType = sourcecode.swift; path = ApiErrorStub.swift; sourceTree = "<group>"; };
		8499CE9928A78F87008A8CA2 /* ErrorParserStub.swift */ = {isa = PBXFileReference; lastKnownFileType = sourcecode.swift; path = ErrorParserStub.swift; sourceTree = "<group>"; };
		8499CE9D28A8FB4B008A8CA2 /* GetGood.swift */ = {isa = PBXFileReference; lastKnownFileType = sourcecode.swift; path = GetGood.swift; sourceTree = "<group>"; };
		8499CE9F28A8FB70008A8CA2 /* GetGoodRequestFactory.swift */ = {isa = PBXFileReference; lastKnownFileType = sourcecode.swift; path = GetGoodRequestFactory.swift; sourceTree = "<group>"; };
		8499CEA128A8FB7F008A8CA2 /* GetCatalog.swift */ = {isa = PBXFileReference; lastKnownFileType = sourcecode.swift; path = GetCatalog.swift; sourceTree = "<group>"; };
		8499CEA328A8FB9D008A8CA2 /* GetCatalogRequestFactory.swift */ = {isa = PBXFileReference; lastKnownFileType = sourcecode.swift; path = GetCatalogRequestFactory.swift; sourceTree = "<group>"; };
		8499CEA528A8FCA4008A8CA2 /* GetGoodResult.swift */ = {isa = PBXFileReference; lastKnownFileType = sourcecode.swift; path = GetGoodResult.swift; sourceTree = "<group>"; };
		8499CEA728A91CF8008A8CA2 /* GetCatalogResult.swift */ = {isa = PBXFileReference; lastKnownFileType = sourcecode.swift; path = GetCatalogResult.swift; sourceTree = "<group>"; };
		8499CEA928A91D5D008A8CA2 /* Product.swift */ = {isa = PBXFileReference; lastKnownFileType = sourcecode.swift; path = Product.swift; sourceTree = "<group>"; };
		8499CEAE28AA7650008A8CA2 /* RequestFactoryTests.swift */ = {isa = PBXFileReference; lastKnownFileType = sourcecode.swift; path = RequestFactoryTests.swift; sourceTree = "<group>"; };
		8499CEB028AA77B6008A8CA2 /* RequestFactoryStub.swift */ = {isa = PBXFileReference; lastKnownFileType = sourcecode.swift; path = RequestFactoryStub.swift; sourceTree = "<group>"; };
		849C1E6628FC869700BA8C9F /* SettingsViewController.swift */ = {isa = PBXFileReference; lastKnownFileType = sourcecode.swift; path = SettingsViewController.swift; sourceTree = "<group>"; };
		84AC89EA28FC448600EC791E /* UIButton + ext.swift */ = {isa = PBXFileReference; lastKnownFileType = sourcecode.swift; path = "UIButton + ext.swift"; sourceTree = "<group>"; };
		84AC89EE28FC612200EC791E /* TabBarController.swift */ = {isa = PBXFileReference; lastKnownFileType = sourcecode.swift; path = TabBarController.swift; sourceTree = "<group>"; };
		84ADFD8F2901075F00FBF068 /* SettingsCell.swift */ = {isa = PBXFileReference; lastKnownFileType = sourcecode.swift; path = SettingsCell.swift; sourceTree = "<group>"; };
		84DAA7E628F96AAA00D638B8 /* SceneDelegate.swift */ = {isa = PBXFileReference; lastKnownFileType = sourcecode.swift; path = SceneDelegate.swift; sourceTree = "<group>"; };
		84DAA7E828F9727300D638B8 /* StartViewController.swift */ = {isa = PBXFileReference; lastKnownFileType = sourcecode.swift; path = StartViewController.swift; sourceTree = "<group>"; };
		84DAA7EC28F98AEA00D638B8 /* ApplyButton.swift */ = {isa = PBXFileReference; lastKnownFileType = sourcecode.swift; path = ApplyButton.swift; sourceTree = "<group>"; };
		84DAA7EE28F98C3500D638B8 /* Resources.swift */ = {isa = PBXFileReference; lastKnownFileType = sourcecode.swift; path = Resources.swift; sourceTree = "<group>"; };
		84DAA7F128F98DA300D638B8 /* UIColor + ext.swift */ = {isa = PBXFileReference; lastKnownFileType = sourcecode.swift; path = "UIColor + ext.swift"; sourceTree = "<group>"; };
		84EA67852902DE4800632F2D /* SmallTextField.swift */ = {isa = PBXFileReference; lastKnownFileType = sourcecode.swift; path = SmallTextField.swift; sourceTree = "<group>"; };
		84EA67872902E37200632F2D /* CatalogTableViewController.swift */ = {isa = PBXFileReference; lastKnownFileType = sourcecode.swift; path = CatalogTableViewController.swift; sourceTree = "<group>"; };
		84EA67892902E3CB00632F2D /* CatalogCell.swift */ = {isa = PBXFileReference; lastKnownFileType = sourcecode.swift; path = CatalogCell.swift; sourceTree = "<group>"; };
		84EA678C2903134B00632F2D /* TestCatalog.swift */ = {isa = PBXFileReference; lastKnownFileType = sourcecode.swift; path = TestCatalog.swift; sourceTree = "<group>"; };
		84F85E9928AF4F620039E8BC /* DeleteReview.swift */ = {isa = PBXFileReference; lastKnownFileType = sourcecode.swift; path = DeleteReview.swift; sourceTree = "<group>"; };
		84F85E9B28AF4F7F0039E8BC /* DeleteReviewRequestFactory.swift */ = {isa = PBXFileReference; lastKnownFileType = sourcecode.swift; path = DeleteReviewRequestFactory.swift; sourceTree = "<group>"; };
		84F85E9D28AF4F910039E8BC /* GetReviewList.swift */ = {isa = PBXFileReference; lastKnownFileType = sourcecode.swift; path = GetReviewList.swift; sourceTree = "<group>"; };
		84F85E9F28AF4FA80039E8BC /* GetReviewListRequestFactory.swift */ = {isa = PBXFileReference; lastKnownFileType = sourcecode.swift; path = GetReviewListRequestFactory.swift; sourceTree = "<group>"; };
		84F85EA128AF4FBC0039E8BC /* AddReview.swift */ = {isa = PBXFileReference; lastKnownFileType = sourcecode.swift; path = AddReview.swift; sourceTree = "<group>"; };
		84F85EA328AF4FD40039E8BC /* AddReviewRequestFactory.swift */ = {isa = PBXFileReference; lastKnownFileType = sourcecode.swift; path = AddReviewRequestFactory.swift; sourceTree = "<group>"; };
		84F85EA528AF51080039E8BC /* AddReviewResult.swift */ = {isa = PBXFileReference; lastKnownFileType = sourcecode.swift; path = AddReviewResult.swift; sourceTree = "<group>"; };
		84F85EA728AF51190039E8BC /* GetReviewListResult.swift */ = {isa = PBXFileReference; lastKnownFileType = sourcecode.swift; path = GetReviewListResult.swift; sourceTree = "<group>"; };
		84F85EA928AF51330039E8BC /* DeleteReviewResult.swift */ = {isa = PBXFileReference; lastKnownFileType = sourcecode.swift; path = DeleteReviewResult.swift; sourceTree = "<group>"; };
		84F85EAB28AF730C0039E8BC /* Review.swift */ = {isa = PBXFileReference; lastKnownFileType = sourcecode.swift; path = Review.swift; sourceTree = "<group>"; };
		84F85EB128AF783F0039E8BC /* Constants.swift */ = {isa = PBXFileReference; lastKnownFileType = sourcecode.swift; path = Constants.swift; sourceTree = "<group>"; };
		8F53346A5B13D4B41BF41B75 /* Pods_GBShopTests.framework */ = {isa = PBXFileReference; explicitFileType = wrapper.framework; includeInIndex = 0; path = Pods_GBShopTests.framework; sourceTree = BUILT_PRODUCTS_DIR; };
		B44E4C0351610D60FA25C111 /* Pods-GBShop-GBShopUITests.debug.xcconfig */ = {isa = PBXFileReference; includeInIndex = 1; lastKnownFileType = text.xcconfig; name = "Pods-GBShop-GBShopUITests.debug.xcconfig"; path = "Target Support Files/Pods-GBShop-GBShopUITests/Pods-GBShop-GBShopUITests.debug.xcconfig"; sourceTree = "<group>"; };
		D3CD1ABFD19820B112470ECE /* Pods_GBShop.framework */ = {isa = PBXFileReference; explicitFileType = wrapper.framework; includeInIndex = 0; path = Pods_GBShop.framework; sourceTree = BUILT_PRODUCTS_DIR; };
/* End PBXFileReference section */

/* Begin PBXFrameworksBuildPhase section */
		8499CE26289FE5B3008A8CA2 /* Frameworks */ = {
			isa = PBXFrameworksBuildPhase;
			buildActionMask = 2147483647;
			files = (
				0C75AACBD1B44335CE618CAB /* Pods_GBShop.framework in Frameworks */,
			);
			runOnlyForDeploymentPostprocessing = 0;
		};
		8499CE3C289FE5B4008A8CA2 /* Frameworks */ = {
			isa = PBXFrameworksBuildPhase;
			buildActionMask = 2147483647;
			files = (
				1F4C6181F3CB090DE0013352 /* Pods_GBShopTests.framework in Frameworks */,
			);
			runOnlyForDeploymentPostprocessing = 0;
		};
		8499CE46289FE5B4008A8CA2 /* Frameworks */ = {
			isa = PBXFrameworksBuildPhase;
			buildActionMask = 2147483647;
			files = (
				72442811592C6B05FE63905A /* Pods_GBShop_GBShopUITests.framework in Frameworks */,
			);
			runOnlyForDeploymentPostprocessing = 0;
		};
/* End PBXFrameworksBuildPhase section */

/* Begin PBXGroup section */
		1C5688D104EA3C11CBC58F91 /* Pods */ = {
			isa = PBXGroup;
			children = (
				10B42F41868104BFEF096EDB /* Pods-GBShop.debug.xcconfig */,
				52F39B88CCFF43B9FF90693F /* Pods-GBShop.release.xcconfig */,
				B44E4C0351610D60FA25C111 /* Pods-GBShop-GBShopUITests.debug.xcconfig */,
				43788DFF647A00F8F752894D /* Pods-GBShop-GBShopUITests.release.xcconfig */,
				0627DE0C9139A42FE233F359 /* Pods-GBShopTests.debug.xcconfig */,
				383097F7365BC69C2CC24798 /* Pods-GBShopTests.release.xcconfig */,
			);
			path = Pods;
			sourceTree = "<group>";
		};
		4BA9FFBD6AC3AD8AD2BAB1A7 /* Frameworks */ = {
			isa = PBXGroup;
			children = (
				D3CD1ABFD19820B112470ECE /* Pods_GBShop.framework */,
				7BC949B2DEBFEDD30974D557 /* Pods_GBShop_GBShopUITests.framework */,
				8F53346A5B13D4B41BF41B75 /* Pods_GBShopTests.framework */,
			);
			name = Frameworks;
			sourceTree = "<group>";
		};
		842444C928FBC2C300F70154 /* TextFields */ = {
			isa = PBXGroup;
			children = (
				842444CA28FBC2E300F70154 /* BaseTextField.swift */,
				84EA67852902DE4800632F2D /* SmallTextField.swift */,
			);
			path = TextFields;
			sourceTree = "<group>";
		};
		84567C3728FA969E00B7E9B3 /* Controllers */ = {
			isa = PBXGroup;
			children = (
				849C1E6328FC862600BA8C9F /* BaseControllers */,
				849C1E6428FC864100BA8C9F /* ViewControllers */,
				849C1E6528FC865C00BA8C9F /* FunctionalControllers */,
			);
			path = Controllers;
			sourceTree = "<group>";
		};
		84567C4D28FAFCAD00B7E9B3 /* Buttons */ = {
			isa = PBXGroup;
			children = (
				84567C5328FAFD7300B7E9B3 /* BaseButton.swift */,
				84DAA7EC28F98AEA00D638B8 /* ApplyButton.swift */,
				84567C4928FAFBDC00B7E9B3 /* CancelButton.swift */,
				84567C4F28FAFCE000B7E9B3 /* ClearButton.swift */,
			);
			path = Buttons;
			sourceTree = "<group>";
		};
		8465BEEA28B3854A005431B6 /* AddToBasket */ = {
			isa = PBXGroup;
			children = (
				8465BEED28B386A1005431B6 /* AddToBasket.swift */,
				8465BEEF28B386D4005431B6 /* AddToBasketRequestFactory.swift */,
			);
			path = AddToBasket;
			sourceTree = "<group>";
		};
		8465BEEB28B3865C005431B6 /* DeleteFromBasket */ = {
			isa = PBXGroup;
			children = (
				8465BEF128B386E7005431B6 /* DeleteFromBasket.swift */,
				8465BEF328B386F7005431B6 /* DeleteFromBasketRequestFactory.swift */,
			);
			path = DeleteFromBasket;
			sourceTree = "<group>";
		};
		8465BEEC28B38671005431B6 /* PayBasket */ = {
			isa = PBXGroup;
			children = (
				8465BEF528B38707005431B6 /* PayBasket.swift */,
				8465BEF728B3871F005431B6 /* PayBasketRequestFactory.swift */,
			);
			path = PayBasket;
			sourceTree = "<group>";
		};
		8465BEF928B38728005431B6 /* Basket */ = {
			isa = PBXGroup;
			children = (
				8465BEFB28B388DB005431B6 /* AddToBasketResult.swift */,
				8465BEFD28B388F0005431B6 /* DeleteFromBasketResult.swift */,
				8465BEFF28B3890E005431B6 /* PayBasketResult.swift */,
			);
			path = Basket;
			sourceTree = "<group>";
		};
		8499CE20289FE5B3008A8CA2 = {
			isa = PBXGroup;
			children = (
				8499CE2B289FE5B3008A8CA2 /* GBShop */,
				8499CE42289FE5B4008A8CA2 /* GBShopTests */,
				8499CE4C289FE5B4008A8CA2 /* GBShopUITests */,
				8499CE2A289FE5B3008A8CA2 /* Products */,
				1C5688D104EA3C11CBC58F91 /* Pods */,
				4BA9FFBD6AC3AD8AD2BAB1A7 /* Frameworks */,
			);
			sourceTree = "<group>";
		};
		8499CE2A289FE5B3008A8CA2 /* Products */ = {
			isa = PBXGroup;
			children = (
				8499CE29289FE5B3008A8CA2 /* GBShop.app */,
				8499CE3F289FE5B4008A8CA2 /* GBShopTests.xctest */,
				8499CE49289FE5B4008A8CA2 /* GBShopUITests.xctest */,
			);
			name = Products;
			sourceTree = "<group>";
		};
		8499CE2B289FE5B3008A8CA2 /* GBShop */ = {
			isa = PBXGroup;
			children = (
				8499CE5D289FE8C2008A8CA2 /* App */,
				8499CE5E289FE8CD008A8CA2 /* Core */,
				8499CE5F289FE8D6008A8CA2 /* Resources */,
				8499CE60289FE8E3008A8CA2 /* Environments */,
			);
			path = GBShop;
			sourceTree = "<group>";
		};
		8499CE42289FE5B4008A8CA2 /* GBShopTests */ = {
			isa = PBXGroup;
			children = (
				8499CE9628A78F3B008A8CA2 /* ResponseCodableTests */,
				8499CEAB28AA75EF008A8CA2 /* RequestFactoryTests */,
			);
			path = GBShopTests;
			sourceTree = "<group>";
		};
		8499CE4C289FE5B4008A8CA2 /* GBShopUITests */ = {
			isa = PBXGroup;
			children = (
				8499CE4D289FE5B4008A8CA2 /* GBShopUITests.swift */,
				8499CE4F289FE5B4008A8CA2 /* GBShopUITestsLaunchTests.swift */,
			);
			path = GBShopUITests;
			sourceTree = "<group>";
		};
		8499CE5D289FE8C2008A8CA2 /* App */ = {
			isa = PBXGroup;
			children = (
				8499CE2C289FE5B3008A8CA2 /* AppDelegate.swift */,
				84DAA7E628F96AAA00D638B8 /* SceneDelegate.swift */,
				8499CE61289FE911008A8CA2 /* BuissnessLogic */,
				8499CE62289FE92A008A8CA2 /* Entity */,
				8499CE63289FE933008A8CA2 /* Assembly */,
				8499CE64289FE93E008A8CA2 /* Flows */,
			);
			path = App;
			sourceTree = "<group>";
		};
		8499CE5E289FE8CD008A8CA2 /* Core */ = {
			isa = PBXGroup;
			children = (
				84DAA7F028F98D7600D638B8 /* Extensions */,
				8499CE6528A14131008A8CA2 /* Network */,
			);
			path = Core;
			sourceTree = "<group>";
		};
		8499CE5F289FE8D6008A8CA2 /* Resources */ = {
			isa = PBXGroup;
			children = (
				8499CE35289FE5B4008A8CA2 /* Assets.xcassets */,
				8499CE37289FE5B4008A8CA2 /* LaunchScreen.storyboard */,
				84DAA7EE28F98C3500D638B8 /* Resources.swift */,
				84DAA7F328F99E7700D638B8 /* Fonts */,
			);
			path = Resources;
			sourceTree = "<group>";
		};
		8499CE60289FE8E3008A8CA2 /* Environments */ = {
			isa = PBXGroup;
			children = (
				8499CE3A289FE5B4008A8CA2 /* Info.plist */,
			);
			path = Environments;
			sourceTree = "<group>";
		};
		8499CE61289FE911008A8CA2 /* BuissnessLogic */ = {
			isa = PBXGroup;
			children = (
				8499CE7228A3E1D6008A8CA2 /* Network */,
			);
			path = BuissnessLogic;
			sourceTree = "<group>";
		};
		8499CE62289FE92A008A8CA2 /* Entity */ = {
			isa = PBXGroup;
			children = (
				84EA678B2903132B00632F2D /* TestData */,
				84F85EB028AF78120039E8BC /* Constants */,
				84F85EAD28AF73200039E8BC /* User */,
				84F85EAE28AF73270039E8BC /* Products */,
				84F85EAF28AF73300039E8BC /* Reviews */,
				8465BEF928B38728005431B6 /* Basket */,
			);
			path = Entity;
			sourceTree = "<group>";
		};
		8499CE63289FE933008A8CA2 /* Assembly */ = {
			isa = PBXGroup;
			children = (
			);
			path = Assembly;
			sourceTree = "<group>";
		};
		8499CE64289FE93E008A8CA2 /* Flows */ = {
			isa = PBXGroup;
			children = (
				84567C3728FA969E00B7E9B3 /* Controllers */,
				84DAA7EA28F98AB900D638B8 /* CustomViews */,
			);
			path = Flows;
			sourceTree = "<group>";
		};
		8499CE6528A14131008A8CA2 /* Network */ = {
			isa = PBXGroup;
			children = (
				8499CE6628A141D5008A8CA2 /* AbstractErrorParser.swift */,
				8499CE6828A145DD008A8CA2 /* ErrorParser.swift */,
				8499CE6A28A147A5008A8CA2 /* DataRequest.swift */,
				8499CE6C28A14BF7008A8CA2 /* RequestRouter.swift */,
			);
			path = Network;
			sourceTree = "<group>";
		};
		8499CE7228A3E1D6008A8CA2 /* Network */ = {
			isa = PBXGroup;
			children = (
				8499CE7528A612EC008A8CA2 /* Auth */,
				8499CE7D28A75CF1008A8CA2 /* Logout */,
				8499CE8328A763FD008A8CA2 /* Registration */,
				8499CE8B28A77172008A8CA2 /* ChangeUserData */,
				8499CE9B28A8FB02008A8CA2 /* GetGood */,
				8499CE9C28A8FB0F008A8CA2 /* GetCatalog */,
				84F85E9628AF4EEC0039E8BC /* AddReview */,
				84F85E9728AF4F220039E8BC /* GetReviewList */,
				84F85E9828AF4F3A0039E8BC /* DeleteReview */,
				8465BEEA28B3854A005431B6 /* AddToBasket */,
				8465BEEB28B3865C005431B6 /* DeleteFromBasket */,
				8465BEEC28B38671005431B6 /* PayBasket */,
				8499CE7928A613FF008A8CA2 /* RequestFactory.swift */,
			);
			path = Network;
			sourceTree = "<group>";
		};
		8499CE7528A612EC008A8CA2 /* Auth */ = {
			isa = PBXGroup;
			children = (
				8499CE7728A61316008A8CA2 /* Auth.swift */,
				8499CE7328A612BE008A8CA2 /* AuthRequestFactory.swift */,
			);
			path = Auth;
			sourceTree = "<group>";
		};
		8499CE7D28A75CF1008A8CA2 /* Logout */ = {
			isa = PBXGroup;
			children = (
				8499CE8028A75D1F008A8CA2 /* Logout.swift */,
				8499CE7E28A75D12008A8CA2 /* LogoutRequestFactory.swift */,
			);
			path = Logout;
			sourceTree = "<group>";
		};
		8499CE8328A763FD008A8CA2 /* Registration */ = {
			isa = PBXGroup;
			children = (
				8499CE8428A76416008A8CA2 /* Registration.swift */,
				8499CE8628A76438008A8CA2 /* RegistrationRequestFactory.swift */,
			);
			path = Registration;
			sourceTree = "<group>";
		};
		8499CE8B28A77172008A8CA2 /* ChangeUserData */ = {
			isa = PBXGroup;
			children = (
				8499CE8C28A771BA008A8CA2 /* ChangeUserData.swift */,
				8499CE8E28A771D4008A8CA2 /* ChangeUserDataRequestFactory.swift */,
			);
			path = ChangeUserData;
			sourceTree = "<group>";
		};
		8499CE9628A78F3B008A8CA2 /* ResponseCodableTests */ = {
			isa = PBXGroup;
			children = (
				8499CE9228A78E46008A8CA2 /* ResponseCodableTests.swift */,
				8499CE9428A78F31008A8CA2 /* PostStub.swift */,
				8499CE9728A78F70008A8CA2 /* ApiErrorStub.swift */,
				8499CE9928A78F87008A8CA2 /* ErrorParserStub.swift */,
			);
			path = ResponseCodableTests;
			sourceTree = "<group>";
		};
		8499CE9B28A8FB02008A8CA2 /* GetGood */ = {
			isa = PBXGroup;
			children = (
				8499CE9D28A8FB4B008A8CA2 /* GetGood.swift */,
				8499CE9F28A8FB70008A8CA2 /* GetGoodRequestFactory.swift */,
			);
			path = GetGood;
			sourceTree = "<group>";
		};
		8499CE9C28A8FB0F008A8CA2 /* GetCatalog */ = {
			isa = PBXGroup;
			children = (
				8499CEA128A8FB7F008A8CA2 /* GetCatalog.swift */,
				8499CEA328A8FB9D008A8CA2 /* GetCatalogRequestFactory.swift */,
			);
			path = GetCatalog;
			sourceTree = "<group>";
		};
		8499CEAB28AA75EF008A8CA2 /* RequestFactoryTests */ = {
			isa = PBXGroup;
			children = (
				8499CEAE28AA7650008A8CA2 /* RequestFactoryTests.swift */,
				8499CEB028AA77B6008A8CA2 /* RequestFactoryStub.swift */,
			);
			path = RequestFactoryTests;
			sourceTree = "<group>";
		};
		849C1E6328FC862600BA8C9F /* BaseControllers */ = {
			isa = PBXGroup;
			children = (
				84567C3B28FAA94C00B7E9B3 /* BaseViewController.swift */,
				842444CC28FBDDE700F70154 /* BaseScrollViewController.swift */,
			);
			path = BaseControllers;
			sourceTree = "<group>";
		};
		849C1E6428FC864100BA8C9F /* ViewControllers */ = {
			isa = PBXGroup;
			children = (
				84DAA7E828F9727300D638B8 /* StartViewController.swift */,
				84567C4528FAECAA00B7E9B3 /* LoginViewController.swift */,
				842444C728FBBFB200F70154 /* RegistrationViewController.swift */,
				849C1E6628FC869700BA8C9F /* SettingsViewController.swift */,
				84EA67872902E37200632F2D /* CatalogTableViewController.swift */,
			);
			path = ViewControllers;
			sourceTree = "<group>";
		};
		849C1E6528FC865C00BA8C9F /* FunctionalControllers */ = {
			isa = PBXGroup;
			children = (
				84AC89EE28FC612200EC791E /* TabBarController.swift */,
			);
			path = FunctionalControllers;
			sourceTree = "<group>";
		};
		84ADFD8E290106DA00FBF068 /* Cells */ = {
			isa = PBXGroup;
			children = (
				84ADFD8F2901075F00FBF068 /* SettingsCell.swift */,
				84EA67892902E3CB00632F2D /* CatalogCell.swift */,
			);
			path = Cells;
			sourceTree = "<group>";
		};
		84DAA7EA28F98AB900D638B8 /* CustomViews */ = {
			isa = PBXGroup;
			children = (
				84ADFD8E290106DA00FBF068 /* Cells */,
				842444C928FBC2C300F70154 /* TextFields */,
				84567C4D28FAFCAD00B7E9B3 /* Buttons */,
				84567C3D28FAAD1900B7E9B3 /* BaseView.swift */,
			);
			path = CustomViews;
			sourceTree = "<group>";
		};
		84DAA7F028F98D7600D638B8 /* Extensions */ = {
			isa = PBXGroup;
			children = (
				84DAA7F128F98DA300D638B8 /* UIColor + ext.swift */,
				84567C3928FAA81500B7E9B3 /* UIView + ext.swift */,
				84AC89EA28FC448600EC791E /* UIButton + ext.swift */,
			);
			path = Extensions;
			sourceTree = "<group>";
		};
		84DAA7F328F99E7700D638B8 /* Fonts */ = {
			isa = PBXGroup;
			children = (
			);
			path = Fonts;
			sourceTree = "<group>";
		};
		84EA678B2903132B00632F2D /* TestData */ = {
			isa = PBXGroup;
			children = (
				84EA678C2903134B00632F2D /* TestCatalog.swift */,
			);
			path = TestData;
			sourceTree = "<group>";
		};
		84F85E9628AF4EEC0039E8BC /* AddReview */ = {
			isa = PBXGroup;
			children = (
				84F85EA128AF4FBC0039E8BC /* AddReview.swift */,
				84F85EA328AF4FD40039E8BC /* AddReviewRequestFactory.swift */,
			);
			path = AddReview;
			sourceTree = "<group>";
		};
		84F85E9728AF4F220039E8BC /* GetReviewList */ = {
			isa = PBXGroup;
			children = (
				84F85E9D28AF4F910039E8BC /* GetReviewList.swift */,
				84F85E9F28AF4FA80039E8BC /* GetReviewListRequestFactory.swift */,
			);
			path = GetReviewList;
			sourceTree = "<group>";
		};
		84F85E9828AF4F3A0039E8BC /* DeleteReview */ = {
			isa = PBXGroup;
			children = (
				84F85E9928AF4F620039E8BC /* DeleteReview.swift */,
				84F85E9B28AF4F7F0039E8BC /* DeleteReviewRequestFactory.swift */,
			);
			path = DeleteReview;
			sourceTree = "<group>";
		};
		84F85EAD28AF73200039E8BC /* User */ = {
			isa = PBXGroup;
			children = (
				8499CE7028A14CD9008A8CA2 /* User.swift */,
				8499CE6E28A14CCB008A8CA2 /* LoginResult.swift */,
				8499CE7B28A75C8E008A8CA2 /* LogoutResult.swift */,
				8499CE8928A76481008A8CA2 /* RegistrationResult.swift */,
				8499CE9028A771F4008A8CA2 /* ChangeUserDataResult.swift */,
			);
			path = User;
			sourceTree = "<group>";
		};
		84F85EAE28AF73270039E8BC /* Products */ = {
			isa = PBXGroup;
			children = (
				8499CEA528A8FCA4008A8CA2 /* GetGoodResult.swift */,
				8499CEA928A91D5D008A8CA2 /* Product.swift */,
				8499CEA728A91CF8008A8CA2 /* GetCatalogResult.swift */,
			);
			path = Products;
			sourceTree = "<group>";
		};
		84F85EAF28AF73300039E8BC /* Reviews */ = {
			isa = PBXGroup;
			children = (
				84F85EA528AF51080039E8BC /* AddReviewResult.swift */,
				84F85EAB28AF730C0039E8BC /* Review.swift */,
				84F85EA728AF51190039E8BC /* GetReviewListResult.swift */,
				84F85EA928AF51330039E8BC /* DeleteReviewResult.swift */,
			);
			path = Reviews;
			sourceTree = "<group>";
		};
		84F85EB028AF78120039E8BC /* Constants */ = {
			isa = PBXGroup;
			children = (
				84F85EB128AF783F0039E8BC /* Constants.swift */,
			);
			path = Constants;
			sourceTree = "<group>";
		};
/* End PBXGroup section */

/* Begin PBXNativeTarget section */
		8499CE28289FE5B3008A8CA2 /* GBShop */ = {
			isa = PBXNativeTarget;
			buildConfigurationList = 8499CE53289FE5B4008A8CA2 /* Build configuration list for PBXNativeTarget "GBShop" */;
			buildPhases = (
				A7C20C5CEA1C5001E5423A3C /* [CP] Check Pods Manifest.lock */,
				8499CE25289FE5B3008A8CA2 /* Sources */,
				8499CE26289FE5B3008A8CA2 /* Frameworks */,
				8499CE27289FE5B3008A8CA2 /* Resources */,
				95ABD5F837FC2C97D815B1DB /* [CP] Embed Pods Frameworks */,
			);
			buildRules = (
			);
			dependencies = (
			);
			name = GBShop;
			productName = GBShop;
			productReference = 8499CE29289FE5B3008A8CA2 /* GBShop.app */;
			productType = "com.apple.product-type.application";
		};
		8499CE3E289FE5B4008A8CA2 /* GBShopTests */ = {
			isa = PBXNativeTarget;
			buildConfigurationList = 8499CE56289FE5B4008A8CA2 /* Build configuration list for PBXNativeTarget "GBShopTests" */;
			buildPhases = (
				FFA24DECD04C260AD89BE99C /* [CP] Check Pods Manifest.lock */,
				8499CE3B289FE5B4008A8CA2 /* Sources */,
				8499CE3C289FE5B4008A8CA2 /* Frameworks */,
				8499CE3D289FE5B4008A8CA2 /* Resources */,
			);
			buildRules = (
			);
			dependencies = (
				8499CE41289FE5B4008A8CA2 /* PBXTargetDependency */,
			);
			name = GBShopTests;
			productName = GBShopTests;
			productReference = 8499CE3F289FE5B4008A8CA2 /* GBShopTests.xctest */;
			productType = "com.apple.product-type.bundle.unit-test";
		};
		8499CE48289FE5B4008A8CA2 /* GBShopUITests */ = {
			isa = PBXNativeTarget;
			buildConfigurationList = 8499CE59289FE5B4008A8CA2 /* Build configuration list for PBXNativeTarget "GBShopUITests" */;
			buildPhases = (
				832174EAB570F4022E020AE6 /* [CP] Check Pods Manifest.lock */,
				8499CE45289FE5B4008A8CA2 /* Sources */,
				8499CE46289FE5B4008A8CA2 /* Frameworks */,
				8499CE47289FE5B4008A8CA2 /* Resources */,
				53A8D6CBE1C2D303E1264172 /* [CP] Embed Pods Frameworks */,
			);
			buildRules = (
			);
			dependencies = (
				8499CE4B289FE5B4008A8CA2 /* PBXTargetDependency */,
			);
			name = GBShopUITests;
			productName = GBShopUITests;
			productReference = 8499CE49289FE5B4008A8CA2 /* GBShopUITests.xctest */;
			productType = "com.apple.product-type.bundle.ui-testing";
		};
/* End PBXNativeTarget section */

/* Begin PBXProject section */
		8499CE21289FE5B3008A8CA2 /* Project object */ = {
			isa = PBXProject;
			attributes = {
				BuildIndependentTargetsInParallel = 1;
				LastSwiftUpdateCheck = 1320;
				LastUpgradeCheck = 1320;
				TargetAttributes = {
					8499CE28289FE5B3008A8CA2 = {
						CreatedOnToolsVersion = 13.2.1;
					};
					8499CE3E289FE5B4008A8CA2 = {
						CreatedOnToolsVersion = 13.2.1;
						TestTargetID = 8499CE28289FE5B3008A8CA2;
					};
					8499CE48289FE5B4008A8CA2 = {
						CreatedOnToolsVersion = 13.2.1;
						TestTargetID = 8499CE28289FE5B3008A8CA2;
					};
				};
			};
			buildConfigurationList = 8499CE24289FE5B3008A8CA2 /* Build configuration list for PBXProject "GBShop" */;
			compatibilityVersion = "Xcode 13.0";
			developmentRegion = en;
			hasScannedForEncodings = 0;
			knownRegions = (
				en,
				Base,
			);
			mainGroup = 8499CE20289FE5B3008A8CA2;
			productRefGroup = 8499CE2A289FE5B3008A8CA2 /* Products */;
			projectDirPath = "";
			projectRoot = "";
			targets = (
				8499CE28289FE5B3008A8CA2 /* GBShop */,
				8499CE3E289FE5B4008A8CA2 /* GBShopTests */,
				8499CE48289FE5B4008A8CA2 /* GBShopUITests */,
			);
		};
/* End PBXProject section */

/* Begin PBXResourcesBuildPhase section */
		8499CE27289FE5B3008A8CA2 /* Resources */ = {
			isa = PBXResourcesBuildPhase;
			buildActionMask = 2147483647;
			files = (
				8499CE39289FE5B4008A8CA2 /* LaunchScreen.storyboard in Resources */,
				8499CE36289FE5B4008A8CA2 /* Assets.xcassets in Resources */,
			);
			runOnlyForDeploymentPostprocessing = 0;
		};
		8499CE3D289FE5B4008A8CA2 /* Resources */ = {
			isa = PBXResourcesBuildPhase;
			buildActionMask = 2147483647;
			files = (
			);
			runOnlyForDeploymentPostprocessing = 0;
		};
		8499CE47289FE5B4008A8CA2 /* Resources */ = {
			isa = PBXResourcesBuildPhase;
			buildActionMask = 2147483647;
			files = (
			);
			runOnlyForDeploymentPostprocessing = 0;
		};
/* End PBXResourcesBuildPhase section */

/* Begin PBXShellScriptBuildPhase section */
		53A8D6CBE1C2D303E1264172 /* [CP] Embed Pods Frameworks */ = {
			isa = PBXShellScriptBuildPhase;
			buildActionMask = 2147483647;
			files = (
			);
			inputFileListPaths = (
				"${PODS_ROOT}/Target Support Files/Pods-GBShop-GBShopUITests/Pods-GBShop-GBShopUITests-frameworks-${CONFIGURATION}-input-files.xcfilelist",
			);
			name = "[CP] Embed Pods Frameworks";
			outputFileListPaths = (
				"${PODS_ROOT}/Target Support Files/Pods-GBShop-GBShopUITests/Pods-GBShop-GBShopUITests-frameworks-${CONFIGURATION}-output-files.xcfilelist",
			);
			runOnlyForDeploymentPostprocessing = 0;
			shellPath = /bin/sh;
			shellScript = "\"${PODS_ROOT}/Target Support Files/Pods-GBShop-GBShopUITests/Pods-GBShop-GBShopUITests-frameworks.sh\"\n";
			showEnvVarsInLog = 0;
		};
		832174EAB570F4022E020AE6 /* [CP] Check Pods Manifest.lock */ = {
			isa = PBXShellScriptBuildPhase;
			buildActionMask = 2147483647;
			files = (
			);
			inputFileListPaths = (
			);
			inputPaths = (
				"${PODS_PODFILE_DIR_PATH}/Podfile.lock",
				"${PODS_ROOT}/Manifest.lock",
			);
			name = "[CP] Check Pods Manifest.lock";
			outputFileListPaths = (
			);
			outputPaths = (
				"$(DERIVED_FILE_DIR)/Pods-GBShop-GBShopUITests-checkManifestLockResult.txt",
			);
			runOnlyForDeploymentPostprocessing = 0;
			shellPath = /bin/sh;
			shellScript = "diff \"${PODS_PODFILE_DIR_PATH}/Podfile.lock\" \"${PODS_ROOT}/Manifest.lock\" > /dev/null\nif [ $? != 0 ] ; then\n    # print error to STDERR\n    echo \"error: The sandbox is not in sync with the Podfile.lock. Run 'pod install' or update your CocoaPods installation.\" >&2\n    exit 1\nfi\n# This output is used by Xcode 'outputs' to avoid re-running this script phase.\necho \"SUCCESS\" > \"${SCRIPT_OUTPUT_FILE_0}\"\n";
			showEnvVarsInLog = 0;
		};
		95ABD5F837FC2C97D815B1DB /* [CP] Embed Pods Frameworks */ = {
			isa = PBXShellScriptBuildPhase;
			buildActionMask = 2147483647;
			files = (
			);
			inputFileListPaths = (
				"${PODS_ROOT}/Target Support Files/Pods-GBShop/Pods-GBShop-frameworks-${CONFIGURATION}-input-files.xcfilelist",
			);
			name = "[CP] Embed Pods Frameworks";
			outputFileListPaths = (
				"${PODS_ROOT}/Target Support Files/Pods-GBShop/Pods-GBShop-frameworks-${CONFIGURATION}-output-files.xcfilelist",
			);
			runOnlyForDeploymentPostprocessing = 0;
			shellPath = /bin/sh;
			shellScript = "\"${PODS_ROOT}/Target Support Files/Pods-GBShop/Pods-GBShop-frameworks.sh\"\n";
			showEnvVarsInLog = 0;
		};
		A7C20C5CEA1C5001E5423A3C /* [CP] Check Pods Manifest.lock */ = {
			isa = PBXShellScriptBuildPhase;
			buildActionMask = 2147483647;
			files = (
			);
			inputFileListPaths = (
			);
			inputPaths = (
				"${PODS_PODFILE_DIR_PATH}/Podfile.lock",
				"${PODS_ROOT}/Manifest.lock",
			);
			name = "[CP] Check Pods Manifest.lock";
			outputFileListPaths = (
			);
			outputPaths = (
				"$(DERIVED_FILE_DIR)/Pods-GBShop-checkManifestLockResult.txt",
			);
			runOnlyForDeploymentPostprocessing = 0;
			shellPath = /bin/sh;
			shellScript = "diff \"${PODS_PODFILE_DIR_PATH}/Podfile.lock\" \"${PODS_ROOT}/Manifest.lock\" > /dev/null\nif [ $? != 0 ] ; then\n    # print error to STDERR\n    echo \"error: The sandbox is not in sync with the Podfile.lock. Run 'pod install' or update your CocoaPods installation.\" >&2\n    exit 1\nfi\n# This output is used by Xcode 'outputs' to avoid re-running this script phase.\necho \"SUCCESS\" > \"${SCRIPT_OUTPUT_FILE_0}\"\n";
			showEnvVarsInLog = 0;
		};
		FFA24DECD04C260AD89BE99C /* [CP] Check Pods Manifest.lock */ = {
			isa = PBXShellScriptBuildPhase;
			buildActionMask = 2147483647;
			files = (
			);
			inputFileListPaths = (
			);
			inputPaths = (
				"${PODS_PODFILE_DIR_PATH}/Podfile.lock",
				"${PODS_ROOT}/Manifest.lock",
			);
			name = "[CP] Check Pods Manifest.lock";
			outputFileListPaths = (
			);
			outputPaths = (
				"$(DERIVED_FILE_DIR)/Pods-GBShopTests-checkManifestLockResult.txt",
			);
			runOnlyForDeploymentPostprocessing = 0;
			shellPath = /bin/sh;
			shellScript = "diff \"${PODS_PODFILE_DIR_PATH}/Podfile.lock\" \"${PODS_ROOT}/Manifest.lock\" > /dev/null\nif [ $? != 0 ] ; then\n    # print error to STDERR\n    echo \"error: The sandbox is not in sync with the Podfile.lock. Run 'pod install' or update your CocoaPods installation.\" >&2\n    exit 1\nfi\n# This output is used by Xcode 'outputs' to avoid re-running this script phase.\necho \"SUCCESS\" > \"${SCRIPT_OUTPUT_FILE_0}\"\n";
			showEnvVarsInLog = 0;
		};
/* End PBXShellScriptBuildPhase section */

/* Begin PBXSourcesBuildPhase section */
		8499CE25289FE5B3008A8CA2 /* Sources */ = {
			isa = PBXSourcesBuildPhase;
			buildActionMask = 2147483647;
			files = (
				8499CE8728A76438008A8CA2 /* RegistrationRequestFactory.swift in Sources */,
				8499CE7F28A75D12008A8CA2 /* LogoutRequestFactory.swift in Sources */,
				84F85E9A28AF4F620039E8BC /* DeleteReview.swift in Sources */,
				8499CE6F28A14CCB008A8CA2 /* LoginResult.swift in Sources */,
				84ADFD902901075F00FBF068 /* SettingsCell.swift in Sources */,
				8499CE8528A76416008A8CA2 /* Registration.swift in Sources */,
				8499CE7C28A75C8E008A8CA2 /* LogoutResult.swift in Sources */,
				8499CE2D289FE5B3008A8CA2 /* AppDelegate.swift in Sources */,
				849C1E6728FC869700BA8C9F /* SettingsViewController.swift in Sources */,
				84EA67862902DE4800632F2D /* SmallTextField.swift in Sources */,
				8499CEA228A8FB7F008A8CA2 /* GetCatalog.swift in Sources */,
				8465BEF628B38707005431B6 /* PayBasket.swift in Sources */,
				8499CE6D28A14BF7008A8CA2 /* RequestRouter.swift in Sources */,
				84F85EA028AF4FA80039E8BC /* GetReviewListRequestFactory.swift in Sources */,
				8465BEF228B386E7005431B6 /* DeleteFromBasket.swift in Sources */,
				8499CE8128A75D1F008A8CA2 /* Logout.swift in Sources */,
				8465BF0028B3890E005431B6 /* PayBasketResult.swift in Sources */,
				8465BEF828B3871F005431B6 /* PayBasketRequestFactory.swift in Sources */,
				84567C4A28FAFBDC00B7E9B3 /* CancelButton.swift in Sources */,
				84F85EA428AF4FD40039E8BC /* AddReviewRequestFactory.swift in Sources */,
				84AC89EB28FC448600EC791E /* UIButton + ext.swift in Sources */,
				842444CD28FBDDE700F70154 /* BaseScrollViewController.swift in Sources */,
				8465BEEE28B386A1005431B6 /* AddToBasket.swift in Sources */,
				84F85E9C28AF4F7F0039E8BC /* DeleteReviewRequestFactory.swift in Sources */,
				8499CEA428A8FB9D008A8CA2 /* GetCatalogRequestFactory.swift in Sources */,
				8499CE6928A145DD008A8CA2 /* ErrorParser.swift in Sources */,
				8499CE6728A141D5008A8CA2 /* AbstractErrorParser.swift in Sources */,
				84567C3C28FAA94C00B7E9B3 /* BaseViewController.swift in Sources */,
				8499CE6B28A147A5008A8CA2 /* DataRequest.swift in Sources */,
				84F85EA828AF51190039E8BC /* GetReviewListResult.swift in Sources */,
				8499CEA028A8FB70008A8CA2 /* GetGoodRequestFactory.swift in Sources */,
				84DAA7F228F98DA300D638B8 /* UIColor + ext.swift in Sources */,
				8465BEFC28B388DB005431B6 /* AddToBasketResult.swift in Sources */,
				84567C3A28FAA81500B7E9B3 /* UIView + ext.swift in Sources */,
				84F85EAA28AF51330039E8BC /* DeleteReviewResult.swift in Sources */,
				8499CE7A28A613FF008A8CA2 /* RequestFactory.swift in Sources */,
				8499CE9128A771F4008A8CA2 /* ChangeUserDataResult.swift in Sources */,
				8499CEA828A91CF8008A8CA2 /* GetCatalogResult.swift in Sources */,
				8465BEF028B386D4005431B6 /* AddToBasketRequestFactory.swift in Sources */,
				84EA678A2902E3CB00632F2D /* CatalogCell.swift in Sources */,
				84567C3E28FAAD1900B7E9B3 /* BaseView.swift in Sources */,
				84DAA7E928F9727300D638B8 /* StartViewController.swift in Sources */,
				84DAA7EF28F98C3500D638B8 /* Resources.swift in Sources */,
				84AC89EF28FC612200EC791E /* TabBarController.swift in Sources */,
				8465BEF428B386F7005431B6 /* DeleteFromBasketRequestFactory.swift in Sources */,
				84EA67882902E37200632F2D /* CatalogTableViewController.swift in Sources */,
				8499CE9E28A8FB4B008A8CA2 /* GetGood.swift in Sources */,
				8499CE7428A612BE008A8CA2 /* AuthRequestFactory.swift in Sources */,
				84DAA7ED28F98AEA00D638B8 /* ApplyButton.swift in Sources */,
				8499CE8F28A771D4008A8CA2 /* ChangeUserDataRequestFactory.swift in Sources */,
				8499CE8A28A76481008A8CA2 /* RegistrationResult.swift in Sources */,
				84EA678D2903134B00632F2D /* TestCatalog.swift in Sources */,
				8499CE7128A14CD9008A8CA2 /* User.swift in Sources */,
				84F85EA628AF51080039E8BC /* AddReviewResult.swift in Sources */,
				84567C4628FAECAA00B7E9B3 /* LoginViewController.swift in Sources */,
				84F85EAC28AF730C0039E8BC /* Review.swift in Sources */,
				8465BEFE28B388F0005431B6 /* DeleteFromBasketResult.swift in Sources */,
				84567C5428FAFD7300B7E9B3 /* BaseButton.swift in Sources */,
				84DAA7E728F96AAA00D638B8 /* SceneDelegate.swift in Sources */,
				8499CE7828A61316008A8CA2 /* Auth.swift in Sources */,
				842444CB28FBC2E300F70154 /* BaseTextField.swift in Sources */,
				84F85EA228AF4FBC0039E8BC /* AddReview.swift in Sources */,
				8499CEA628A8FCA4008A8CA2 /* GetGoodResult.swift in Sources */,
				842444C828FBBFB200F70154 /* RegistrationViewController.swift in Sources */,
				84567C5028FAFCE000B7E9B3 /* ClearButton.swift in Sources */,
				84F85E9E28AF4F910039E8BC /* GetReviewList.swift in Sources */,
				8499CE8D28A771BA008A8CA2 /* ChangeUserData.swift in Sources */,
				84F85EB228AF783F0039E8BC /* Constants.swift in Sources */,
				8499CEAA28A91D5D008A8CA2 /* Product.swift in Sources */,
			);
			runOnlyForDeploymentPostprocessing = 0;
		};
		8499CE3B289FE5B4008A8CA2 /* Sources */ = {
			isa = PBXSourcesBuildPhase;
			buildActionMask = 2147483647;
			files = (
				8499CE9328A78E46008A8CA2 /* ResponseCodableTests.swift in Sources */,
				8499CEB128AA77B6008A8CA2 /* RequestFactoryStub.swift in Sources */,
				8499CE9528A78F31008A8CA2 /* PostStub.swift in Sources */,
				8499CE9828A78F70008A8CA2 /* ApiErrorStub.swift in Sources */,
				8499CE9A28A78F87008A8CA2 /* ErrorParserStub.swift in Sources */,
				8499CEAF28AA7650008A8CA2 /* RequestFactoryTests.swift in Sources */,
				84567C5528FAFD7300B7E9B3 /* BaseButton.swift in Sources */,
				84567C4728FAECAA00B7E9B3 /* LoginViewController.swift in Sources */,
				84567C5128FAFCE000B7E9B3 /* ClearButton.swift in Sources */,
				84567C4B28FAFBDC00B7E9B3 /* CancelButton.swift in Sources */,
			);
			runOnlyForDeploymentPostprocessing = 0;
		};
		8499CE45289FE5B4008A8CA2 /* Sources */ = {
			isa = PBXSourcesBuildPhase;
			buildActionMask = 2147483647;
			files = (
				8499CE4E289FE5B4008A8CA2 /* GBShopUITests.swift in Sources */,
				84567C4828FAECAA00B7E9B3 /* LoginViewController.swift in Sources */,
				84567C5228FAFCE000B7E9B3 /* ClearButton.swift in Sources */,
				8499CE50289FE5B4008A8CA2 /* GBShopUITestsLaunchTests.swift in Sources */,
				84567C5628FAFD7300B7E9B3 /* BaseButton.swift in Sources */,
				84567C4C28FAFBDC00B7E9B3 /* CancelButton.swift in Sources */,
			);
			runOnlyForDeploymentPostprocessing = 0;
		};
/* End PBXSourcesBuildPhase section */

/* Begin PBXTargetDependency section */
		8499CE41289FE5B4008A8CA2 /* PBXTargetDependency */ = {
			isa = PBXTargetDependency;
			target = 8499CE28289FE5B3008A8CA2 /* GBShop */;
			targetProxy = 8499CE40289FE5B4008A8CA2 /* PBXContainerItemProxy */;
		};
		8499CE4B289FE5B4008A8CA2 /* PBXTargetDependency */ = {
			isa = PBXTargetDependency;
			target = 8499CE28289FE5B3008A8CA2 /* GBShop */;
			targetProxy = 8499CE4A289FE5B4008A8CA2 /* PBXContainerItemProxy */;
		};
/* End PBXTargetDependency section */

/* Begin PBXVariantGroup section */
		8499CE37289FE5B4008A8CA2 /* LaunchScreen.storyboard */ = {
			isa = PBXVariantGroup;
			children = (
				8499CE38289FE5B4008A8CA2 /* Base */,
			);
			name = LaunchScreen.storyboard;
			sourceTree = "<group>";
		};
/* End PBXVariantGroup section */

/* Begin XCBuildConfiguration section */
		8499CE51289FE5B4008A8CA2 /* Debug */ = {
			isa = XCBuildConfiguration;
			buildSettings = {
				ALWAYS_SEARCH_USER_PATHS = NO;
				CLANG_ANALYZER_NONNULL = YES;
				CLANG_ANALYZER_NUMBER_OBJECT_CONVERSION = YES_AGGRESSIVE;
				CLANG_CXX_LANGUAGE_STANDARD = "gnu++17";
				CLANG_CXX_LIBRARY = "libc++";
				CLANG_ENABLE_MODULES = YES;
				CLANG_ENABLE_OBJC_ARC = YES;
				CLANG_ENABLE_OBJC_WEAK = YES;
				CLANG_WARN_BLOCK_CAPTURE_AUTORELEASING = YES;
				CLANG_WARN_BOOL_CONVERSION = YES;
				CLANG_WARN_COMMA = YES;
				CLANG_WARN_CONSTANT_CONVERSION = YES;
				CLANG_WARN_DEPRECATED_OBJC_IMPLEMENTATIONS = YES;
				CLANG_WARN_DIRECT_OBJC_ISA_USAGE = YES_ERROR;
				CLANG_WARN_DOCUMENTATION_COMMENTS = YES;
				CLANG_WARN_EMPTY_BODY = YES;
				CLANG_WARN_ENUM_CONVERSION = YES;
				CLANG_WARN_INFINITE_RECURSION = YES;
				CLANG_WARN_INT_CONVERSION = YES;
				CLANG_WARN_NON_LITERAL_NULL_CONVERSION = YES;
				CLANG_WARN_OBJC_IMPLICIT_RETAIN_SELF = YES;
				CLANG_WARN_OBJC_LITERAL_CONVERSION = YES;
				CLANG_WARN_OBJC_ROOT_CLASS = YES_ERROR;
				CLANG_WARN_QUOTED_INCLUDE_IN_FRAMEWORK_HEADER = YES;
				CLANG_WARN_RANGE_LOOP_ANALYSIS = YES;
				CLANG_WARN_STRICT_PROTOTYPES = YES;
				CLANG_WARN_SUSPICIOUS_MOVE = YES;
				CLANG_WARN_UNGUARDED_AVAILABILITY = YES_AGGRESSIVE;
				CLANG_WARN_UNREACHABLE_CODE = YES;
				CLANG_WARN__DUPLICATE_METHOD_MATCH = YES;
				COPY_PHASE_STRIP = NO;
				DEBUG_INFORMATION_FORMAT = dwarf;
				ENABLE_STRICT_OBJC_MSGSEND = YES;
				ENABLE_TESTABILITY = YES;
				GCC_C_LANGUAGE_STANDARD = gnu11;
				GCC_DYNAMIC_NO_PIC = NO;
				GCC_NO_COMMON_BLOCKS = YES;
				GCC_OPTIMIZATION_LEVEL = 0;
				GCC_PREPROCESSOR_DEFINITIONS = (
					"DEBUG=1",
					"$(inherited)",
				);
				GCC_WARN_64_TO_32_BIT_CONVERSION = YES;
				GCC_WARN_ABOUT_RETURN_TYPE = YES_ERROR;
				GCC_WARN_UNDECLARED_SELECTOR = YES;
				GCC_WARN_UNINITIALIZED_AUTOS = YES_AGGRESSIVE;
				GCC_WARN_UNUSED_FUNCTION = YES;
				GCC_WARN_UNUSED_VARIABLE = YES;
				IPHONEOS_DEPLOYMENT_TARGET = 15.2;
				MTL_ENABLE_DEBUG_INFO = INCLUDE_SOURCE;
				MTL_FAST_MATH = YES;
				ONLY_ACTIVE_ARCH = YES;
				SDKROOT = iphoneos;
				SWIFT_ACTIVE_COMPILATION_CONDITIONS = DEBUG;
				SWIFT_OPTIMIZATION_LEVEL = "-Onone";
			};
			name = Debug;
		};
		8499CE52289FE5B4008A8CA2 /* Release */ = {
			isa = XCBuildConfiguration;
			buildSettings = {
				ALWAYS_SEARCH_USER_PATHS = NO;
				CLANG_ANALYZER_NONNULL = YES;
				CLANG_ANALYZER_NUMBER_OBJECT_CONVERSION = YES_AGGRESSIVE;
				CLANG_CXX_LANGUAGE_STANDARD = "gnu++17";
				CLANG_CXX_LIBRARY = "libc++";
				CLANG_ENABLE_MODULES = YES;
				CLANG_ENABLE_OBJC_ARC = YES;
				CLANG_ENABLE_OBJC_WEAK = YES;
				CLANG_WARN_BLOCK_CAPTURE_AUTORELEASING = YES;
				CLANG_WARN_BOOL_CONVERSION = YES;
				CLANG_WARN_COMMA = YES;
				CLANG_WARN_CONSTANT_CONVERSION = YES;
				CLANG_WARN_DEPRECATED_OBJC_IMPLEMENTATIONS = YES;
				CLANG_WARN_DIRECT_OBJC_ISA_USAGE = YES_ERROR;
				CLANG_WARN_DOCUMENTATION_COMMENTS = YES;
				CLANG_WARN_EMPTY_BODY = YES;
				CLANG_WARN_ENUM_CONVERSION = YES;
				CLANG_WARN_INFINITE_RECURSION = YES;
				CLANG_WARN_INT_CONVERSION = YES;
				CLANG_WARN_NON_LITERAL_NULL_CONVERSION = YES;
				CLANG_WARN_OBJC_IMPLICIT_RETAIN_SELF = YES;
				CLANG_WARN_OBJC_LITERAL_CONVERSION = YES;
				CLANG_WARN_OBJC_ROOT_CLASS = YES_ERROR;
				CLANG_WARN_QUOTED_INCLUDE_IN_FRAMEWORK_HEADER = YES;
				CLANG_WARN_RANGE_LOOP_ANALYSIS = YES;
				CLANG_WARN_STRICT_PROTOTYPES = YES;
				CLANG_WARN_SUSPICIOUS_MOVE = YES;
				CLANG_WARN_UNGUARDED_AVAILABILITY = YES_AGGRESSIVE;
				CLANG_WARN_UNREACHABLE_CODE = YES;
				CLANG_WARN__DUPLICATE_METHOD_MATCH = YES;
				COPY_PHASE_STRIP = NO;
				DEBUG_INFORMATION_FORMAT = "dwarf-with-dsym";
				ENABLE_NS_ASSERTIONS = NO;
				ENABLE_STRICT_OBJC_MSGSEND = YES;
				GCC_C_LANGUAGE_STANDARD = gnu11;
				GCC_NO_COMMON_BLOCKS = YES;
				GCC_WARN_64_TO_32_BIT_CONVERSION = YES;
				GCC_WARN_ABOUT_RETURN_TYPE = YES_ERROR;
				GCC_WARN_UNDECLARED_SELECTOR = YES;
				GCC_WARN_UNINITIALIZED_AUTOS = YES_AGGRESSIVE;
				GCC_WARN_UNUSED_FUNCTION = YES;
				GCC_WARN_UNUSED_VARIABLE = YES;
				IPHONEOS_DEPLOYMENT_TARGET = 15.2;
				MTL_ENABLE_DEBUG_INFO = NO;
				MTL_FAST_MATH = YES;
				SDKROOT = iphoneos;
				SWIFT_COMPILATION_MODE = wholemodule;
				SWIFT_OPTIMIZATION_LEVEL = "-O";
				VALIDATE_PRODUCT = YES;
			};
			name = Release;
		};
		8499CE54289FE5B4008A8CA2 /* Debug */ = {
			isa = XCBuildConfiguration;
			baseConfigurationReference = 10B42F41868104BFEF096EDB /* Pods-GBShop.debug.xcconfig */;
			buildSettings = {
				ASSETCATALOG_COMPILER_APPICON_NAME = AppIcon;
				ASSETCATALOG_COMPILER_GLOBAL_ACCENT_COLOR_NAME = AccentColor;
				ASSETCATALOG_COMPILER_INCLUDE_ALL_APPICON_ASSETS = NO;
				CODE_SIGN_STYLE = Automatic;
				CURRENT_PROJECT_VERSION = 1;
				DEVELOPMENT_TEAM = 3JL4VHZJLR;
				GENERATE_INFOPLIST_FILE = YES;
				INFOPLIST_FILE = GBShop/Info.plist;
				INFOPLIST_KEY_NSMainStoryboardFile = "";
				INFOPLIST_KEY_UIApplicationSupportsIndirectInputEvents = YES;
				INFOPLIST_KEY_UILaunchStoryboardName = LaunchScreen;
				INFOPLIST_KEY_UISupportedInterfaceOrientations = UIInterfaceOrientationPortrait;
				INFOPLIST_KEY_UISupportedInterfaceOrientations_iPad = "UIInterfaceOrientationPortrait UIInterfaceOrientationPortraitUpsideDown UIInterfaceOrientationLandscapeLeft UIInterfaceOrientationLandscapeRight";
				INFOPLIST_KEY_UISupportedInterfaceOrientations_iPhone = "UIInterfaceOrientationPortrait UIInterfaceOrientationLandscapeLeft UIInterfaceOrientationLandscapeRight";
				LD_RUNPATH_SEARCH_PATHS = (
					"$(inherited)",
					"@executable_path/Frameworks",
				);
				MARKETING_VERSION = 1.0;
				PRODUCT_BUNDLE_IDENTIFIER = mertensoid.GBShop;
				PRODUCT_NAME = "$(TARGET_NAME)";
				SWIFT_EMIT_LOC_STRINGS = YES;
				SWIFT_VERSION = 5.0;
				TARGETED_DEVICE_FAMILY = 1;
			};
			name = Debug;
		};
		8499CE55289FE5B4008A8CA2 /* Release */ = {
			isa = XCBuildConfiguration;
			baseConfigurationReference = 52F39B88CCFF43B9FF90693F /* Pods-GBShop.release.xcconfig */;
			buildSettings = {
				ASSETCATALOG_COMPILER_APPICON_NAME = AppIcon;
				ASSETCATALOG_COMPILER_GLOBAL_ACCENT_COLOR_NAME = AccentColor;
				ASSETCATALOG_COMPILER_INCLUDE_ALL_APPICON_ASSETS = NO;
				CODE_SIGN_STYLE = Automatic;
				CURRENT_PROJECT_VERSION = 1;
				DEVELOPMENT_TEAM = 3JL4VHZJLR;
				GENERATE_INFOPLIST_FILE = YES;
				INFOPLIST_FILE = GBShop/Info.plist;
				INFOPLIST_KEY_NSMainStoryboardFile = "";
				INFOPLIST_KEY_UIApplicationSupportsIndirectInputEvents = YES;
				INFOPLIST_KEY_UILaunchStoryboardName = LaunchScreen;
				INFOPLIST_KEY_UISupportedInterfaceOrientations = UIInterfaceOrientationPortrait;
				INFOPLIST_KEY_UISupportedInterfaceOrientations_iPad = "UIInterfaceOrientationPortrait UIInterfaceOrientationPortraitUpsideDown UIInterfaceOrientationLandscapeLeft UIInterfaceOrientationLandscapeRight";
				INFOPLIST_KEY_UISupportedInterfaceOrientations_iPhone = "UIInterfaceOrientationPortrait UIInterfaceOrientationLandscapeLeft UIInterfaceOrientationLandscapeRight";
				LD_RUNPATH_SEARCH_PATHS = (
					"$(inherited)",
					"@executable_path/Frameworks",
				);
				MARKETING_VERSION = 1.0;
				PRODUCT_BUNDLE_IDENTIFIER = mertensoid.GBShop;
				PRODUCT_NAME = "$(TARGET_NAME)";
				SWIFT_EMIT_LOC_STRINGS = YES;
				SWIFT_VERSION = 5.0;
				TARGETED_DEVICE_FAMILY = 1;
			};
			name = Release;
		};
		8499CE57289FE5B4008A8CA2 /* Debug */ = {
			isa = XCBuildConfiguration;
			baseConfigurationReference = 0627DE0C9139A42FE233F359 /* Pods-GBShopTests.debug.xcconfig */;
			buildSettings = {
				ALWAYS_EMBED_SWIFT_STANDARD_LIBRARIES = YES;
				BUNDLE_LOADER = "$(TEST_HOST)";
				CODE_SIGN_STYLE = Automatic;
				CURRENT_PROJECT_VERSION = 1;
				DEVELOPMENT_TEAM = 3JL4VHZJLR;
				GENERATE_INFOPLIST_FILE = YES;
				INFOPLIST_KEY_NSMainStoryboardFile = "";
				IPHONEOS_DEPLOYMENT_TARGET = 15.2;
				MARKETING_VERSION = 1.0;
				PRODUCT_BUNDLE_IDENTIFIER = mertensoid.GBShopTests;
				PRODUCT_NAME = "$(TARGET_NAME)";
				SWIFT_EMIT_LOC_STRINGS = NO;
				SWIFT_VERSION = 5.0;
				TARGETED_DEVICE_FAMILY = "1,2";
				TEST_HOST = "$(BUILT_PRODUCTS_DIR)/GBShop.app/GBShop";
			};
			name = Debug;
		};
		8499CE58289FE5B4008A8CA2 /* Release */ = {
			isa = XCBuildConfiguration;
			baseConfigurationReference = 383097F7365BC69C2CC24798 /* Pods-GBShopTests.release.xcconfig */;
			buildSettings = {
				ALWAYS_EMBED_SWIFT_STANDARD_LIBRARIES = YES;
				BUNDLE_LOADER = "$(TEST_HOST)";
				CODE_SIGN_STYLE = Automatic;
				CURRENT_PROJECT_VERSION = 1;
				DEVELOPMENT_TEAM = 3JL4VHZJLR;
				GENERATE_INFOPLIST_FILE = YES;
				INFOPLIST_KEY_NSMainStoryboardFile = "";
				IPHONEOS_DEPLOYMENT_TARGET = 15.2;
				MARKETING_VERSION = 1.0;
				PRODUCT_BUNDLE_IDENTIFIER = mertensoid.GBShopTests;
				PRODUCT_NAME = "$(TARGET_NAME)";
				SWIFT_EMIT_LOC_STRINGS = NO;
				SWIFT_VERSION = 5.0;
				TARGETED_DEVICE_FAMILY = "1,2";
				TEST_HOST = "$(BUILT_PRODUCTS_DIR)/GBShop.app/GBShop";
			};
			name = Release;
		};
		8499CE5A289FE5B4008A8CA2 /* Debug */ = {
			isa = XCBuildConfiguration;
			baseConfigurationReference = B44E4C0351610D60FA25C111 /* Pods-GBShop-GBShopUITests.debug.xcconfig */;
			buildSettings = {
				ALWAYS_EMBED_SWIFT_STANDARD_LIBRARIES = YES;
				CODE_SIGN_STYLE = Automatic;
				CURRENT_PROJECT_VERSION = 1;
				DEVELOPMENT_TEAM = 3JL4VHZJLR;
				GENERATE_INFOPLIST_FILE = YES;
				INFOPLIST_KEY_NSMainStoryboardFile = "";
				MARKETING_VERSION = 1.0;
				PRODUCT_BUNDLE_IDENTIFIER = mertensoid.GBShopUITests;
				PRODUCT_NAME = "$(TARGET_NAME)";
				SWIFT_EMIT_LOC_STRINGS = NO;
				SWIFT_VERSION = 5.0;
				TARGETED_DEVICE_FAMILY = "1,2";
				TEST_TARGET_NAME = GBShop;
			};
			name = Debug;
		};
		8499CE5B289FE5B4008A8CA2 /* Release */ = {
			isa = XCBuildConfiguration;
			baseConfigurationReference = 43788DFF647A00F8F752894D /* Pods-GBShop-GBShopUITests.release.xcconfig */;
			buildSettings = {
				ALWAYS_EMBED_SWIFT_STANDARD_LIBRARIES = YES;
				CODE_SIGN_STYLE = Automatic;
				CURRENT_PROJECT_VERSION = 1;
				DEVELOPMENT_TEAM = 3JL4VHZJLR;
				GENERATE_INFOPLIST_FILE = YES;
				INFOPLIST_KEY_NSMainStoryboardFile = "";
				MARKETING_VERSION = 1.0;
				PRODUCT_BUNDLE_IDENTIFIER = mertensoid.GBShopUITests;
				PRODUCT_NAME = "$(TARGET_NAME)";
				SWIFT_EMIT_LOC_STRINGS = NO;
				SWIFT_VERSION = 5.0;
				TARGETED_DEVICE_FAMILY = "1,2";
				TEST_TARGET_NAME = GBShop;
			};
			name = Release;
		};
/* End XCBuildConfiguration section */

/* Begin XCConfigurationList section */
		8499CE24289FE5B3008A8CA2 /* Build configuration list for PBXProject "GBShop" */ = {
			isa = XCConfigurationList;
			buildConfigurations = (
				8499CE51289FE5B4008A8CA2 /* Debug */,
				8499CE52289FE5B4008A8CA2 /* Release */,
			);
			defaultConfigurationIsVisible = 0;
			defaultConfigurationName = Release;
		};
		8499CE53289FE5B4008A8CA2 /* Build configuration list for PBXNativeTarget "GBShop" */ = {
			isa = XCConfigurationList;
			buildConfigurations = (
				8499CE54289FE5B4008A8CA2 /* Debug */,
				8499CE55289FE5B4008A8CA2 /* Release */,
			);
			defaultConfigurationIsVisible = 0;
			defaultConfigurationName = Release;
		};
		8499CE56289FE5B4008A8CA2 /* Build configuration list for PBXNativeTarget "GBShopTests" */ = {
			isa = XCConfigurationList;
			buildConfigurations = (
				8499CE57289FE5B4008A8CA2 /* Debug */,
				8499CE58289FE5B4008A8CA2 /* Release */,
			);
			defaultConfigurationIsVisible = 0;
			defaultConfigurationName = Release;
		};
		8499CE59289FE5B4008A8CA2 /* Build configuration list for PBXNativeTarget "GBShopUITests" */ = {
			isa = XCConfigurationList;
			buildConfigurations = (
				8499CE5A289FE5B4008A8CA2 /* Debug */,
				8499CE5B289FE5B4008A8CA2 /* Release */,
			);
			defaultConfigurationIsVisible = 0;
			defaultConfigurationName = Release;
		};
/* End XCConfigurationList section */
	};
	rootObject = 8499CE21289FE5B3008A8CA2 /* Project object */;
}
